
Microsoft Visual Studio Solution File, Format Version 12.00
# Visual Studio Version 17
VisualStudioVersion = 17.1.32319.34
MinimumVisualStudioVersion = 10.0.40219.1
Project("{FAE04EC0-301F-11D3-BF4B-00C04F79EFBC}") = "NayeemApplication", "NayeemApplication\NayeemApplication.csproj", "{88BB171F-D3D3-4A42-89D8-41629B935378}"
EndProject
Global
	GlobalSection(SolutionConfigurationPlatforms) = preSolution
		Debug|Any CPU = Debug|Any CPU
		Release|Any CPU = Release|Any CPU
	EndGlobalSection
	GlobalSection(ProjectConfigurationPlatforms) = postSolution
		{88BB171F-D3D3-4A42-89D8-41629B935378}.Debug|Any CPU.ActiveCfg = Debug|Any CPU
		{88BB171F-D3D3-4A42-89D8-41629B935378}.Debug|Any CPU.Build.0 = Debug|Any CPU
		{88BB171F-D3D3-4A42-89D8-41629B935378}.Release|Any CPU.ActiveCfg = Release|Any CPU
		{88BB171F-D3D3-4A42-89D8-41629B935378}.Release|Any CPU.Build.0 = Release|Any CPU
	EndGlobalSection
	GlobalSection(SolutionProperties) = preSolution
		HideSolutionNode = FALSE
	EndGlobalSection
	GlobalSection(ExtensibilityGlobals) = postSolution
		SolutionGuid = {374DAB5B-0B26-4F57-BA86-2890A43C4420}
	EndGlobalSection
EndGlobal
